
Microsoft Visual Studio Solution File, Format Version 12.00
# Visual Studio Version 17
VisualStudioVersion = 17.8.34330.188
MinimumVisualStudioVersion = 10.0.40219.1
Project("{FAE04EC0-301F-11D3-BF4B-00C04F79EFBC}") = "PrvaAplikacija", "PrvaAplikacija\PrvaAplikacija.csproj", "{458CA867-18C2-4CA5-B608-31D3ED4569FB}"
EndProject
Global
	GlobalSection(SolutionConfigurationPlatforms) = preSolution
		Debug|Any CPU = Debug|Any CPU
		Release|Any CPU = Release|Any CPU
	EndGlobalSection
	GlobalSection(ProjectConfigurationPlatforms) = postSolution
		{458CA867-18C2-4CA5-B608-31D3ED4569FB}.Debug|Any CPU.ActiveCfg = Debug|Any CPU
		{458CA867-18C2-4CA5-B608-31D3ED4569FB}.Debug|Any CPU.Build.0 = Debug|Any CPU
		{458CA867-18C2-4CA5-B608-31D3ED4569FB}.Release|Any CPU.ActiveCfg = Release|Any CPU
		{458CA867-18C2-4CA5-B608-31D3ED4569FB}.Release|Any CPU.Build.0 = Release|Any CPU
	EndGlobalSection
	GlobalSection(SolutionProperties) = preSolution
		HideSolutionNode = FALSE
	EndGlobalSection
	GlobalSection(ExtensibilityGlobals) = postSolution
		SolutionGuid = {ECFADA05-5E40-4F17-8D89-54F278A17CCC}
	EndGlobalSection
EndGlobal
